
Microsoft Visual Studio Solution File, Format Version 12.00
Project("{FAE04EC0-301F-11D3-BF4B-00C04F79EFBC}") = "Universidade.Presentation", "Universidade.Presentation\Universidade.Presentation.csproj", "{EB7A9456-CCB2-4B28-A00C-1208DE6707B0}"
EndProject
Project("{2150E333-8FDC-42A3-9474-1A3956D46DE8}") = "1-Presentation", "1-Presentation", "{3413343A-B29C-43B4-8649-F851F2A74FBB}"
EndProject
Project("{2150E333-8FDC-42A3-9474-1A3956D46DE8}") = "2-Application", "2-Application", "{40FF3C61-0069-4A9E-87F9-C3CC246DEBB2}"
EndProject
Project("{2150E333-8FDC-42A3-9474-1A3956D46DE8}") = "3-Domain", "3-Domain", "{180A63FE-3819-4D04-BC89-B40FA8792357}"
EndProject
Project("{FAE04EC0-301F-11D3-BF4B-00C04F79EFBC}") = "Universidade.Domain", "Universidade.Domain\Universidade.Domain.csproj", "{FD51255D-5390-4C91-AE51-B95F98D35996}"
EndProject
Project("{2150E333-8FDC-42A3-9474-1A3956D46DE8}") = "4-Infra", "4-Infra", "{36ADC9DF-91D4-47D0-B17B-CA4090EFF43A}"
EndProject
Project("{FAE04EC0-301F-11D3-BF4B-00C04F79EFBC}") = "Universidade.Infra", "Universidade.Infra\Universidade.Infra.csproj", "{6A960E53-9145-4B0A-9179-F1771D40ECC0}"
EndProject
Global
	GlobalSection(SolutionConfigurationPlatforms) = preSolution
		Debug|Any CPU = Debug|Any CPU
		Release|Any CPU = Release|Any CPU
	EndGlobalSection
	GlobalSection(ProjectConfigurationPlatforms) = postSolution
		{EB7A9456-CCB2-4B28-A00C-1208DE6707B0}.Debug|Any CPU.ActiveCfg = Debug|Any CPU
		{EB7A9456-CCB2-4B28-A00C-1208DE6707B0}.Debug|Any CPU.Build.0 = Debug|Any CPU
		{EB7A9456-CCB2-4B28-A00C-1208DE6707B0}.Release|Any CPU.ActiveCfg = Release|Any CPU
		{EB7A9456-CCB2-4B28-A00C-1208DE6707B0}.Release|Any CPU.Build.0 = Release|Any CPU
		{FD51255D-5390-4C91-AE51-B95F98D35996}.Debug|Any CPU.ActiveCfg = Debug|Any CPU
		{FD51255D-5390-4C91-AE51-B95F98D35996}.Debug|Any CPU.Build.0 = Debug|Any CPU
		{FD51255D-5390-4C91-AE51-B95F98D35996}.Release|Any CPU.ActiveCfg = Release|Any CPU
		{FD51255D-5390-4C91-AE51-B95F98D35996}.Release|Any CPU.Build.0 = Release|Any CPU
		{6A960E53-9145-4B0A-9179-F1771D40ECC0}.Debug|Any CPU.ActiveCfg = Debug|Any CPU
		{6A960E53-9145-4B0A-9179-F1771D40ECC0}.Debug|Any CPU.Build.0 = Debug|Any CPU
		{6A960E53-9145-4B0A-9179-F1771D40ECC0}.Release|Any CPU.ActiveCfg = Release|Any CPU
		{6A960E53-9145-4B0A-9179-F1771D40ECC0}.Release|Any CPU.Build.0 = Release|Any CPU
	EndGlobalSection
	GlobalSection(NestedProjects) = preSolution
		{EB7A9456-CCB2-4B28-A00C-1208DE6707B0} = {3413343A-B29C-43B4-8649-F851F2A74FBB}
		{FD51255D-5390-4C91-AE51-B95F98D35996} = {180A63FE-3819-4D04-BC89-B40FA8792357}
		{6A960E53-9145-4B0A-9179-F1771D40ECC0} = {36ADC9DF-91D4-47D0-B17B-CA4090EFF43A}
	EndGlobalSection
EndGlobal
